// !$*UTF8*$!
{
	archiveVersion = 1;
	classes = {
	};
	objectVersion = 56;
	objects = {

/* Begin PBXBuildFile section */
		3D2F462F2ABD3D21009B523B /* FocusComponent.swift in Sources */ = {isa = PBXBuildFile; fileRef = 3D2F462E2ABD3D21009B523B /* FocusComponent.swift */; };
		3D2F46312ABD3D5A009B523B /* ControlComponentH&S.swift in Sources */ = {isa = PBXBuildFile; fileRef = 3D2F46302ABD3D5A009B523B /* ControlComponentH&S.swift */; };
		3D2F46332ABD3D69009B523B /* VisualComponentH&S.swift in Sources */ = {isa = PBXBuildFile; fileRef = 3D2F46322ABD3D69009B523B /* VisualComponentH&S.swift */; };
		3D635F382ABBE8AF008B3BB1 /* MacrowwwApp.swift in Sources */ = {isa = PBXBuildFile; fileRef = 3D635F372ABBE8AF008B3BB1 /* MacrowwwApp.swift */; };
		3D635F3A2ABBE8AF008B3BB1 /* ContentView.swift in Sources */ = {isa = PBXBuildFile; fileRef = 3D635F392ABBE8AF008B3BB1 /* ContentView.swift */; };
		3D635F3C2ABBE8B0008B3BB1 /* Assets.xcassets in Resources */ = {isa = PBXBuildFile; fileRef = 3D635F3B2ABBE8B0008B3BB1 /* Assets.xcassets */; };
		3D635F3F2ABBE8B0008B3BB1 /* Preview Assets.xcassets in Resources */ = {isa = PBXBuildFile; fileRef = 3D635F3E2ABBE8B0008B3BB1 /* Preview Assets.xcassets */; };
		3D635F462ABBF84F008B3BB1 /* GyroGameView.swift in Sources */ = {isa = PBXBuildFile; fileRef = 3D635F452ABBF84F008B3BB1 /* GyroGameView.swift */; };
/* End PBXBuildFile section */

/* Begin PBXFileReference section */
		3D2F462E2ABD3D21009B523B /* FocusComponent.swift */ = {isa = PBXFileReference; lastKnownFileType = sourcecode.swift; path = FocusComponent.swift; sourceTree = "<group>"; };
		3D2F46302ABD3D5A009B523B /* ControlComponentH&S.swift */ = {isa = PBXFileReference; lastKnownFileType = sourcecode.swift; path = "ControlComponentH&S.swift"; sourceTree = "<group>"; };
		3D2F46322ABD3D69009B523B /* VisualComponentH&S.swift */ = {isa = PBXFileReference; lastKnownFileType = sourcecode.swift; path = "VisualComponentH&S.swift"; sourceTree = "<group>"; };
		3D635F342ABBE8AF008B3BB1 /* Macrowww.app */ = {isa = PBXFileReference; explicitFileType = wrapper.application; includeInIndex = 0; path = Macrowww.app; sourceTree = BUILT_PRODUCTS_DIR; };
		3D635F372ABBE8AF008B3BB1 /* MacrowwwApp.swift */ = {isa = PBXFileReference; lastKnownFileType = sourcecode.swift; path = MacrowwwApp.swift; sourceTree = "<group>"; };
		3D635F392ABBE8AF008B3BB1 /* ContentView.swift */ = {isa = PBXFileReference; lastKnownFileType = sourcecode.swift; path = ContentView.swift; sourceTree = "<group>"; };
		3D635F3B2ABBE8B0008B3BB1 /* Assets.xcassets */ = {isa = PBXFileReference; lastKnownFileType = folder.assetcatalog; path = Assets.xcassets; sourceTree = "<group>"; };
		3D635F3E2ABBE8B0008B3BB1 /* Preview Assets.xcassets */ = {isa = PBXFileReference; lastKnownFileType = folder.assetcatalog; path = "Preview Assets.xcassets"; sourceTree = "<group>"; };
		3D635F452ABBF84F008B3BB1 /* GyroGameView.swift */ = {isa = PBXFileReference; lastKnownFileType = sourcecode.swift; path = GyroGameView.swift; sourceTree = "<group>"; };
/* End PBXFileReference section */

/* Begin PBXFrameworksBuildPhase section */
		3D635F312ABBE8AF008B3BB1 /* Frameworks */ = {
			isa = PBXFrameworksBuildPhase;
			buildActionMask = 2147483647;
			files = (
			);
			runOnlyForDeploymentPostprocessing = 0;
		};
/* End PBXFrameworksBuildPhase section */

/* Begin PBXGroup section */
		3D2F462C2ABD3CFB009B523B /* Components */ = {
			isa = PBXGroup;
			children = (
				3D2F462D2ABD3D07009B523B /* Hide & Seek */,
				3D2F462E2ABD3D21009B523B /* FocusComponent.swift */,
			);
			path = Components;
			sourceTree = "<group>";
		};
		3D2F462D2ABD3D07009B523B /* Hide & Seek */ = {
			isa = PBXGroup;
			children = (
				3D2F46302ABD3D5A009B523B /* ControlComponentH&S.swift */,
				3D2F46322ABD3D69009B523B /* VisualComponentH&S.swift */,
			);
			path = "Hide & Seek";
			sourceTree = "<group>";
		};
		3D635F2B2ABBE8AF008B3BB1 = {
			isa = PBXGroup;
			children = (
				3D635F362ABBE8AF008B3BB1 /* Macrowww */,
				3D635F352ABBE8AF008B3BB1 /* Products */,
			);
			sourceTree = "<group>";
		};
		3D635F352ABBE8AF008B3BB1 /* Products */ = {
			isa = PBXGroup;
			children = (
				3D635F342ABBE8AF008B3BB1 /* Macrowww.app */,
			);
			name = Products;
			sourceTree = "<group>";
		};
		3D635F362ABBE8AF008B3BB1 /* Macrowww */ = {
			isa = PBXGroup;
			children = (
				3D2F462C2ABD3CFB009B523B /* Components */,
				3D635F372ABBE8AF008B3BB1 /* MacrowwwApp.swift */,
				3D635F392ABBE8AF008B3BB1 /* ContentView.swift */,
				3D635F452ABBF84F008B3BB1 /* GyroGameView.swift */,
				3D635F3B2ABBE8B0008B3BB1 /* Assets.xcassets */,
				3D635F3D2ABBE8B0008B3BB1 /* Preview Content */,
			);
			path = Macrowww;
			sourceTree = "<group>";
		};
		3D635F3D2ABBE8B0008B3BB1 /* Preview Content */ = {
			isa = PBXGroup;
			children = (
				3D635F3E2ABBE8B0008B3BB1 /* Preview Assets.xcassets */,
			);
			path = "Preview Content";
			sourceTree = "<group>";
		};
/* End PBXGroup section */

/* Begin PBXNativeTarget section */
		3D635F332ABBE8AF008B3BB1 /* Macrowww */ = {
			isa = PBXNativeTarget;
			buildConfigurationList = 3D635F422ABBE8B0008B3BB1 /* Build configuration list for PBXNativeTarget "Macrowww" */;
			buildPhases = (
				3D635F302ABBE8AF008B3BB1 /* Sources */,
				3D635F312ABBE8AF008B3BB1 /* Frameworks */,
				3D635F322ABBE8AF008B3BB1 /* Resources */,
			);
			buildRules = (
			);
			dependencies = (
			);
			name = Macrowww;
			productName = Macrowww;
			productReference = 3D635F342ABBE8AF008B3BB1 /* Macrowww.app */;
			productType = "com.apple.product-type.application";
		};
/* End PBXNativeTarget section */

/* Begin PBXProject section */
		3D635F2C2ABBE8AF008B3BB1 /* Project object */ = {
			isa = PBXProject;
			attributes = {
				BuildIndependentTargetsInParallel = 1;
				LastSwiftUpdateCheck = 1430;
				LastUpgradeCheck = 1430;
				TargetAttributes = {
					3D635F332ABBE8AF008B3BB1 = {
						CreatedOnToolsVersion = 14.3;
					};
				};
			};
			buildConfigurationList = 3D635F2F2ABBE8AF008B3BB1 /* Build configuration list for PBXProject "Macrowww" */;
			compatibilityVersion = "Xcode 14.0";
			developmentRegion = en;
			hasScannedForEncodings = 0;
			knownRegions = (
				en,
				Base,
			);
			mainGroup = 3D635F2B2ABBE8AF008B3BB1;
			productRefGroup = 3D635F352ABBE8AF008B3BB1 /* Products */;
			projectDirPath = "";
			projectRoot = "";
			targets = (
				3D635F332ABBE8AF008B3BB1 /* Macrowww */,
			);
		};
/* End PBXProject section */

/* Begin PBXResourcesBuildPhase section */
		3D635F322ABBE8AF008B3BB1 /* Resources */ = {
			isa = PBXResourcesBuildPhase;
			buildActionMask = 2147483647;
			files = (
				3D635F3F2ABBE8B0008B3BB1 /* Preview Assets.xcassets in Resources */,
				3D635F3C2ABBE8B0008B3BB1 /* Assets.xcassets in Resources */,
			);
			runOnlyForDeploymentPostprocessing = 0;
		};
/* End PBXResourcesBuildPhase section */

/* Begin PBXSourcesBuildPhase section */
		3D635F302ABBE8AF008B3BB1 /* Sources */ = {
			isa = PBXSourcesBuildPhase;
			buildActionMask = 2147483647;
			files = (
				3D635F462ABBF84F008B3BB1 /* GyroGameView.swift in Sources */,
				3D635F3A2ABBE8AF008B3BB1 /* ContentView.swift in Sources */,
				3D2F462F2ABD3D21009B523B /* FocusComponent.swift in Sources */,
				3D2F46332ABD3D69009B523B /* VisualComponentH&S.swift in Sources */,
				3D635F382ABBE8AF008B3BB1 /* MacrowwwApp.swift in Sources */,
				3D2F46312ABD3D5A009B523B /* ControlComponentH&S.swift in Sources */,
			);
			runOnlyForDeploymentPostprocessing = 0;
		};
/* End PBXSourcesBuildPhase section */

/* Begin XCBuildConfiguration section */
		3D635F402ABBE8B0008B3BB1 /* Debug */ = {
			isa = XCBuildConfiguration;
			buildSettings = {
				ALWAYS_SEARCH_USER_PATHS = NO;
				CLANG_ANALYZER_NONNULL = YES;
				CLANG_ANALYZER_NUMBER_OBJECT_CONVERSION = YES_AGGRESSIVE;
				CLANG_CXX_LANGUAGE_STANDARD = "gnu++20";
				CLANG_ENABLE_MODULES = YES;
				CLANG_ENABLE_OBJC_ARC = YES;
				CLANG_ENABLE_OBJC_WEAK = YES;
				CLANG_WARN_BLOCK_CAPTURE_AUTORELEASING = YES;
				CLANG_WARN_BOOL_CONVERSION = YES;
				CLANG_WARN_COMMA = YES;
				CLANG_WARN_CONSTANT_CONVERSION = YES;
				CLANG_WARN_DEPRECATED_OBJC_IMPLEMENTATIONS = YES;
				CLANG_WARN_DIRECT_OBJC_ISA_USAGE = YES_ERROR;
				CLANG_WARN_DOCUMENTATION_COMMENTS = YES;
				CLANG_WARN_EMPTY_BODY = YES;
				CLANG_WARN_ENUM_CONVERSION = YES;
				CLANG_WARN_INFINITE_RECURSION = YES;
				CLANG_WARN_INT_CONVERSION = YES;
				CLANG_WARN_NON_LITERAL_NULL_CONVERSION = YES;
				CLANG_WARN_OBJC_IMPLICIT_RETAIN_SELF = YES;
				CLANG_WARN_OBJC_LITERAL_CONVERSION = YES;
				CLANG_WARN_OBJC_ROOT_CLASS = YES_ERROR;
				CLANG_WARN_QUOTED_INCLUDE_IN_FRAMEWORK_HEADER = YES;
				CLANG_WARN_RANGE_LOOP_ANALYSIS = YES;
				CLANG_WARN_STRICT_PROTOTYPES = YES;
				CLANG_WARN_SUSPICIOUS_MOVE = YES;
				CLANG_WARN_UNGUARDED_AVAILABILITY = YES_AGGRESSIVE;
				CLANG_WARN_UNREACHABLE_CODE = YES;
				CLANG_WARN__DUPLICATE_METHOD_MATCH = YES;
				COPY_PHASE_STRIP = NO;
				DEBUG_INFORMATION_FORMAT = dwarf;
				ENABLE_STRICT_OBJC_MSGSEND = YES;
				ENABLE_TESTABILITY = YES;
				GCC_C_LANGUAGE_STANDARD = gnu11;
				GCC_DYNAMIC_NO_PIC = NO;
				GCC_NO_COMMON_BLOCKS = YES;
				GCC_OPTIMIZATION_LEVEL = 0;
				GCC_PREPROCESSOR_DEFINITIONS = (
					"DEBUG=1",
					"$(inherited)",
				);
				GCC_WARN_64_TO_32_BIT_CONVERSION = YES;
				GCC_WARN_ABOUT_RETURN_TYPE = YES_ERROR;
				GCC_WARN_UNDECLARED_SELECTOR = YES;
				GCC_WARN_UNINITIALIZED_AUTOS = YES_AGGRESSIVE;
				GCC_WARN_UNUSED_FUNCTION = YES;
				GCC_WARN_UNUSED_VARIABLE = YES;
				IPHONEOS_DEPLOYMENT_TARGET = 16.4;
				MTL_ENABLE_DEBUG_INFO = INCLUDE_SOURCE;
				MTL_FAST_MATH = YES;
				ONLY_ACTIVE_ARCH = YES;
				SDKROOT = iphoneos;
				SWIFT_ACTIVE_COMPILATION_CONDITIONS = DEBUG;
				SWIFT_OPTIMIZATION_LEVEL = "-Onone";
			};
			name = Debug;
		};
		3D635F412ABBE8B0008B3BB1 /* Release */ = {
			isa = XCBuildConfiguration;
			buildSettings = {
				ALWAYS_SEARCH_USER_PATHS = NO;
				CLANG_ANALYZER_NONNULL = YES;
				CLANG_ANALYZER_NUMBER_OBJECT_CONVERSION = YES_AGGRESSIVE;
				CLANG_CXX_LANGUAGE_STANDARD = "gnu++20";
				CLANG_ENABLE_MODULES = YES;
				CLANG_ENABLE_OBJC_ARC = YES;
				CLANG_ENABLE_OBJC_WEAK = YES;
				CLANG_WARN_BLOCK_CAPTURE_AUTORELEASING = YES;
				CLANG_WARN_BOOL_CONVERSION = YES;
				CLANG_WARN_COMMA = YES;
				CLANG_WARN_CONSTANT_CONVERSION = YES;
				CLANG_WARN_DEPRECATED_OBJC_IMPLEMENTATIONS = YES;
				CLANG_WARN_DIRECT_OBJC_ISA_USAGE = YES_ERROR;
				CLANG_WARN_DOCUMENTATION_COMMENTS = YES;
				CLANG_WARN_EMPTY_BODY = YES;
				CLANG_WARN_ENUM_CONVERSION = YES;
				CLANG_WARN_INFINITE_RECURSION = YES;
				CLANG_WARN_INT_CONVERSION = YES;
				CLANG_WARN_NON_LITERAL_NULL_CONVERSION = YES;
				CLANG_WARN_OBJC_IMPLICIT_RETAIN_SELF = YES;
				CLANG_WARN_OBJC_LITERAL_CONVERSION = YES;
				CLANG_WARN_OBJC_ROOT_CLASS = YES_ERROR;
				CLANG_WARN_QUOTED_INCLUDE_IN_FRAMEWORK_HEADER = YES;
				CLANG_WARN_RANGE_LOOP_ANALYSIS = YES;
				CLANG_WARN_STRICT_PROTOTYPES = YES;
				CLANG_WARN_SUSPICIOUS_MOVE = YES;
				CLANG_WARN_UNGUARDED_AVAILABILITY = YES_AGGRESSIVE;
				CLANG_WARN_UNREACHABLE_CODE = YES;
				CLANG_WARN__DUPLICATE_METHOD_MATCH = YES;
				COPY_PHASE_STRIP = NO;
				DEBUG_INFORMATION_FORMAT = "dwarf-with-dsym";
				ENABLE_NS_ASSERTIONS = NO;
				ENABLE_STRICT_OBJC_MSGSEND = YES;
				GCC_C_LANGUAGE_STANDARD = gnu11;
				GCC_NO_COMMON_BLOCKS = YES;
				GCC_WARN_64_TO_32_BIT_CONVERSION = YES;
				GCC_WARN_ABOUT_RETURN_TYPE = YES_ERROR;
				GCC_WARN_UNDECLARED_SELECTOR = YES;
				GCC_WARN_UNINITIALIZED_AUTOS = YES_AGGRESSIVE;
				GCC_WARN_UNUSED_FUNCTION = YES;
				GCC_WARN_UNUSED_VARIABLE = YES;
				IPHONEOS_DEPLOYMENT_TARGET = 16.4;
				MTL_ENABLE_DEBUG_INFO = NO;
				MTL_FAST_MATH = YES;
				SDKROOT = iphoneos;
				SWIFT_COMPILATION_MODE = wholemodule;
				SWIFT_OPTIMIZATION_LEVEL = "-O";
				VALIDATE_PRODUCT = YES;
			};
			name = Release;
		};
		3D635F432ABBE8B0008B3BB1 /* Debug */ = {
			isa = XCBuildConfiguration;
			buildSettings = {
				ASSETCATALOG_COMPILER_APPICON_NAME = AppIcon;
				ASSETCATALOG_COMPILER_GLOBAL_ACCENT_COLOR_NAME = AccentColor;
				CODE_SIGN_STYLE = Automatic;
				CURRENT_PROJECT_VERSION = 1;
				DEVELOPMENT_ASSET_PATHS = "\"Macrowww/Preview Content\"";
				DEVELOPMENT_TEAM = ZVGYNW47J9;
				ENABLE_PREVIEWS = YES;
				GENERATE_INFOPLIST_FILE = YES;
				INFOPLIST_KEY_UIApplicationSceneManifest_Generation = YES;
				INFOPLIST_KEY_UIApplicationSupportsIndirectInputEvents = YES;
				INFOPLIST_KEY_UILaunchScreen_Generation = YES;
				INFOPLIST_KEY_UISupportedInterfaceOrientations_iPad = "UIInterfaceOrientationPortrait UIInterfaceOrientationPortraitUpsideDown UIInterfaceOrientationLandscapeLeft UIInterfaceOrientationLandscapeRight";
				INFOPLIST_KEY_UISupportedInterfaceOrientations_iPhone = "UIInterfaceOrientationPortrait UIInterfaceOrientationLandscapeLeft UIInterfaceOrientationLandscapeRight";
				LD_RUNPATH_SEARCH_PATHS = (
					"$(inherited)",
					"@executable_path/Frameworks",
				);
				MARKETING_VERSION = 1.0;
				PRODUCT_BUNDLE_IDENTIFIER = ADAGOP.Macrowww;
				PRODUCT_NAME = "$(TARGET_NAME)";
				SUPPORTED_PLATFORMS = "iphoneos iphonesimulator";
				SUPPORTS_MACCATALYST = NO;
				SUPPORTS_MAC_DESIGNED_FOR_IPHONE_IPAD = NO;
				SWIFT_EMIT_LOC_STRINGS = YES;
				SWIFT_VERSION = 5.0;
				TARGETED_DEVICE_FAMILY = "1,2";
			};
			name = Debug;
		};
		3D635F442ABBE8B0008B3BB1 /* Release */ = {
			isa = XCBuildConfiguration;
			buildSettings = {
				ASSETCATALOG_COMPILER_APPICON_NAME = AppIcon;
				ASSETCATALOG_COMPILER_GLOBAL_ACCENT_COLOR_NAME = AccentColor;
				CODE_SIGN_STYLE = Automatic;
				CURRENT_PROJECT_VERSION = 1;
				DEVELOPMENT_ASSET_PATHS = "\"Macrowww/Preview Content\"";
				DEVELOPMENT_TEAM = ZVGYNW47J9;
				ENABLE_PREVIEWS = YES;
				GENERATE_INFOPLIST_FILE = YES;
				INFOPLIST_KEY_UIApplicationSceneManifest_Generation = YES;
				INFOPLIST_KEY_UIApplicationSupportsIndirectInputEvents = YES;
				INFOPLIST_KEY_UILaunchScreen_Generation = YES;
				INFOPLIST_KEY_UISupportedInterfaceOrientations_iPad = "UIInterfaceOrientationPortrait UIInterfaceOrientationPortraitUpsideDown UIInterfaceOrientationLandscapeLeft UIInterfaceOrientationLandscapeRight";
				INFOPLIST_KEY_UISupportedInterfaceOrientations_iPhone = "UIInterfaceOrientationPortrait UIInterfaceOrientationLandscapeLeft UIInterfaceOrientationLandscapeRight";
				LD_RUNPATH_SEARCH_PATHS = (
					"$(inherited)",
					"@executable_path/Frameworks",
				);
				MARKETING_VERSION = 1.0;
				PRODUCT_BUNDLE_IDENTIFIER = ADAGOP.Macrowww;
				PRODUCT_NAME = "$(TARGET_NAME)";
				SUPPORTED_PLATFORMS = "iphoneos iphonesimulator";
				SUPPORTS_MACCATALYST = NO;
				SUPPORTS_MAC_DESIGNED_FOR_IPHONE_IPAD = NO;
				SWIFT_EMIT_LOC_STRINGS = YES;
				SWIFT_VERSION = 5.0;
				TARGETED_DEVICE_FAMILY = "1,2";
			};
			name = Release;
		};
/* End XCBuildConfiguration section */

/* Begin XCConfigurationList section */
		3D635F2F2ABBE8AF008B3BB1 /* Build configuration list for PBXProject "Macrowww" */ = {
			isa = XCConfigurationList;
			buildConfigurations = (
				3D635F402ABBE8B0008B3BB1 /* Debug */,
				3D635F412ABBE8B0008B3BB1 /* Release */,
			);
			defaultConfigurationIsVisible = 0;
			defaultConfigurationName = Release;
		};
		3D635F422ABBE8B0008B3BB1 /* Build configuration list for PBXNativeTarget "Macrowww" */ = {
			isa = XCConfigurationList;
			buildConfigurations = (
				3D635F432ABBE8B0008B3BB1 /* Debug */,
				3D635F442ABBE8B0008B3BB1 /* Release */,
			);
			defaultConfigurationIsVisible = 0;
			defaultConfigurationName = Release;
		};
/* End XCConfigurationList section */
	};
	rootObject = 3D635F2C2ABBE8AF008B3BB1 /* Project object */;
}
